{
  "lockfile_version": "1",
  "packages": {
    "ctlptl@0.8.29": {
      "last_modified": "2024-05-29T10:04:41Z",
      "resolved": "github:NixOS/nixpkgs/ac82a513e55582291805d6f09d35b6d8b60637a1#ctlptl",
      "source": "devbox-search",
      "version": "0.8.29",
      "systems": {
        "aarch64-darwin": {
          "outputs": [
            {
              "name": "out",
              "path": "/nix/store/s4vqm2ddqmb1g4j8arnrsx81k8737sdh-ctlptl-0.8.29",
              "default": true
            }
          ],
          "store_path": "/nix/store/s4vqm2ddqmb1g4j8arnrsx81k8737sdh-ctlptl-0.8.29"
        },
        "aarch64-linux": {
          "outputs": [
            {
              "name": "out",
              "path": "/nix/store/qaiyh04n64ncl8nirbrsal4y1awyzysc-ctlptl-0.8.29",
              "default": true
            }
          ],
          "store_path": "/nix/store/qaiyh04n64ncl8nirbrsal4y1awyzysc-ctlptl-0.8.29"
        },
        "x86_64-darwin": {
          "outputs": [
            {
              "name": "out",
              "path": "/nix/store/aldlnckqqfkin6c5jlc9cf1ywl61zlc1-ctlptl-0.8.29",
              "default": true
            }
          ],
          "store_path": "/nix/store/aldlnckqqfkin6c5jlc9cf1ywl61zlc1-ctlptl-0.8.29"
        },
        "x86_64-linux": {
          "outputs": [
            {
              "name": "out",
              "path": "/nix/store/gbms6nxrmzla6q2ld49qkr787fgyg1bn-ctlptl-0.8.29",
              "default": true
            }
          ],
          "store_path": "/nix/store/gbms6nxrmzla6q2ld49qkr787fgyg1bn-ctlptl-0.8.29"
        }
      }
    },
    "go_1_22@latest": {
      "last_modified": "2024-03-22T11:26:23Z",
      "resolved": "github:NixOS/nixpkgs/a3ed7406349a9335cb4c2a71369b697cecd9d351#go",
      "source": "devbox-search",
      "version": "1.22.1",
      "systems": {
        "aarch64-darwin": {
          "store_path": "/nix/store/n1k6wf8q10q7k0863gb78b1rf0j07r7r-go-1.22.1"
        },
        "aarch64-linux": {
          "store_path": "/nix/store/fl6cjlp5bvykfz1kxrw687zxzld25pn7-go-1.22.1"
        },
        "x86_64-darwin": {
          "store_path": "/nix/store/xgdp7gnf6vzr2ick2ip1lhq4cww65p7w-go-1.22.1"
        },
        "x86_64-linux": {
          "store_path": "/nix/store/bp39dh48cdqp89hk5mpdi1lxdf0mjl7x-go-1.22.1"
        }
      }
    },
    "kind@0.23.0": {
      "last_modified": "2024-05-29T10:04:41Z",
      "resolved": "github:NixOS/nixpkgs/ac82a513e55582291805d6f09d35b6d8b60637a1#kind",
      "source": "devbox-search",
      "version": "0.23.0",
      "systems": {
        "aarch64-darwin": {
          "outputs": [
            {
              "name": "out",
              "path": "/nix/store/lg81ng5l5c7naqww8qqlmqnixvpx8xzs-kind-0.23.0",
              "default": true
            }
          ],
          "store_path": "/nix/store/lg81ng5l5c7naqww8qqlmqnixvpx8xzs-kind-0.23.0"
        },
        "aarch64-linux": {
          "outputs": [
            {
              "name": "out",
              "path": "/nix/store/jndyfwjc9hsf1rhvh0yxqsqw0hqqs8j8-kind-0.23.0",
              "default": true
            }
          ],
          "store_path": "/nix/store/jndyfwjc9hsf1rhvh0yxqsqw0hqqs8j8-kind-0.23.0"
        },
        "x86_64-darwin": {
          "outputs": [
            {
              "name": "out",
              "path": "/nix/store/q1ymfg7wsdlmp9b11kpb3pmshrdfbyjj-kind-0.23.0",
              "default": true
            }
          ],
          "store_path": "/nix/store/q1ymfg7wsdlmp9b11kpb3pmshrdfbyjj-kind-0.23.0"
        },
        "x86_64-linux": {
          "outputs": [
            {
              "name": "out",
              "path": "/nix/store/8if8dwbvyalf0cfk0vkaysvcmkva9syh-kind-0.23.0",
              "default": true
            }
          ],
          "store_path": "/nix/store/8if8dwbvyalf0cfk0vkaysvcmkva9syh-kind-0.23.0"
        }
      }
    },
    "kubectl@1.30.1": {
      "last_modified": "2024-05-22T06:18:38Z",
      "resolved": "github:NixOS/nixpkgs/3f316d2a50699a78afe5e77ca486ad553169061e#kubectl",
      "source": "devbox-search",
      "version": "1.30.1",
      "systems": {
        "aarch64-darwin": {
          "outputs": [
            {
              "name": "out",
              "path": "/nix/store/qwfjmaq9pi6b52fy0p6r5h7bz3dsrd5a-kubectl-1.30.1",
              "default": true
            },
            {
              "name": "man",
              "path": "/nix/store/4j4zh6hc4r79dkhdpvmsj08ns0sidp3q-kubectl-1.30.1-man",
              "default": true
            },
            {
              "name": "convert",
              "path": "/nix/store/52cbngv6wrmzqjmgqca1jampmyhjavp3-kubectl-1.30.1-convert"
            }
          ],
          "store_path": "/nix/store/qwfjmaq9pi6b52fy0p6r5h7bz3dsrd5a-kubectl-1.30.1"
        },
        "aarch64-linux": {
          "outputs": [
            {
              "name": "out",
              "path": "/nix/store/3yz0b2jabnag1dp849di6pr44xska4v4-kubectl-1.30.1",
              "default": true
            },
            {
              "name": "man",
              "path": "/nix/store/x959virs4416haw91i31k8wx46vvcw7n-kubectl-1.30.1-man",
              "default": true
            },
            {
              "name": "convert",
              "path": "/nix/store/cg6i708y910v3s4z2syi9hgzbvppn3rv-kubectl-1.30.1-convert"
            }
          ],
          "store_path": "/nix/store/3yz0b2jabnag1dp849di6pr44xska4v4-kubectl-1.30.1"
        },
        "x86_64-darwin": {
          "outputs": [
            {
              "name": "out",
              "path": "/nix/store/jmsb2gahggm22x0mch7avnxxplfh6skj-kubectl-1.30.1",
              "default": true
            },
            {
              "name": "man",
              "path": "/nix/store/186kmibnzsk182mi81fbxz4cq3ra43bw-kubectl-1.30.1-man",
              "default": true
            },
            {
              "name": "convert",
              "path": "/nix/store/3qz8sqvf7bjhpw7m0dr531qbr8cfyr7w-kubectl-1.30.1-convert"
            }
          ],
          "store_path": "/nix/store/jmsb2gahggm22x0mch7avnxxplfh6skj-kubectl-1.30.1"
        },
        "x86_64-linux": {
          "outputs": [
            {
              "name": "out",
              "path": "/nix/store/05k95p72niq1gh39gv1g9n0ivsgl4hiy-kubectl-1.30.1",
              "default": true
            },
            {
              "name": "man",
              "path": "/nix/store/5vr6jxqx0al48cv8ryxr003f4f4f1h65-kubectl-1.30.1-man",
              "default": true
            },
            {
              "name": "convert",
              "path": "/nix/store/5jaykj68b06p6mfhmgy6ghmy0wmm9yp5-kubectl-1.30.1-convert"
            }
          ],
          "store_path": "/nix/store/05k95p72niq1gh39gv1g9n0ivsgl4hiy-kubectl-1.30.1"
        }
      }
    },
    "kubernetes-helm@3.15.1": {
      "last_modified": "2024-05-29T10:04:41Z",
      "resolved": "github:NixOS/nixpkgs/ac82a513e55582291805d6f09d35b6d8b60637a1#kubernetes-helm",
      "source": "devbox-search",
      "version": "3.15.1",
      "systems": {
        "aarch64-darwin": {
          "outputs": [
            {
              "name": "out",
              "path": "/nix/store/nipci6fqwxvyz3bcq63mz4svi5bvcpb6-kubernetes-helm-3.15.1",
              "default": true
            }
          ],
          "store_path": "/nix/store/nipci6fqwxvyz3bcq63mz4svi5bvcpb6-kubernetes-helm-3.15.1"
        },
        "aarch64-linux": {
          "outputs": [
            {
              "name": "out",
              "path": "/nix/store/axp4ixbbbxhg8f630cj6rvxjdjbx99pw-kubernetes-helm-3.15.1",
              "default": true
            }
          ],
          "store_path": "/nix/store/axp4ixbbbxhg8f630cj6rvxjdjbx99pw-kubernetes-helm-3.15.1"
        },
        "x86_64-darwin": {
          "outputs": [
            {
              "name": "out",
              "path": "/nix/store/rvdcn0nsid05i4ardmvgn38bd1fkk9rw-kubernetes-helm-3.15.1",
              "default": true
            }
          ],
          "store_path": "/nix/store/rvdcn0nsid05i4ardmvgn38bd1fkk9rw-kubernetes-helm-3.15.1"
        },
        "x86_64-linux": {
          "outputs": [
            {
              "name": "out",
              "path": "/nix/store/i24nairmnj41aq4w6x7fp8wjrcd15i13-kubernetes-helm-3.15.1",
              "default": true
            }
          ],
          "store_path": "/nix/store/i24nairmnj41aq4w6x7fp8wjrcd15i13-kubernetes-helm-3.15.1"
        }
      }
    }
  }
}
