github.com/beorn7/perks v1.0.1 h1:VlbKKnNfV8bJzeqoa4cOKqO6bYr3WgKZxO8Z16+hsOM=
github.com/beorn7/perks v1.0.1/go.mod h1:G2ZrVWU2WbWT9wwq4/hrbKbnv/1ERSJQ0ibhJ6rlkpw=
github.com/cenkalti/backoff/v4 v4.3.0 h1:MyRJ/UdXutAwSAT+s3wNd7MfTIcy71VQueUuFK343L8=
github.com/cenkalti/backoff/v4 v4.3.0/go.mod h1:Y3VNntkOUPxTVeUxJ/G5vcM//AlwfmyYozVcomhLiZE=
github.com/cespare/xxhash/v2 v2.3.0 h1:UL815xU9SqsFlibzuggzjXhog7bL6oX9BbNZnL2UFvs=
github.com/cespare/xxhash/v2 v2.3.0/go.mod h1:VGX0DQ3Q6kWi7AoAeZDth3/j3BFtOZR5XLFGgcrjCOs=
github.com/davecgh/go-spew v1.1.1 h1:vj9j/u1bqnvCEfJOwUhtlOARqs3+rkHYY13jYWTU97c=
github.com/davecgh/go-spew v1.1.1/go.mod h1:J7Y8YcW2NihsgmVo/mv3lAwl/skON4iLHjSsI+c5H38=
github.com/go-logr/logr v1.2.2/go.mod h1:jdQByPbusPIv2/zmleS9BjJVeZ6kBagPoEUsqbVz/1A=
github.com/go-logr/logr v1.4.2 h1:6pFjapn8bFcIbiKo3XT4j/BhANplGihG6tvd+8rYgrY=
github.com/go-logr/logr v1.4.2/go.mod h1:9T104GzyrTigFIr8wt5mBrctHMim0Nb2HLGrmQ40KvY=
github.com/go-logr/stdr v1.2.2 h1:hSWxHoqTgW2S2qGc0LTAI563KZ5YKYRhT3MFKZMbjag=
github.com/go-logr/stdr v1.2.2/go.mod h1:mMo/vtBO5dYbehREoey6XUKy/eSumjCCveDpRre4VKE=
github.com/go-resty/resty/v2 v2.13.1 h1:x+LHXBI2nMB1vqndymf26quycC4aggYJ7DECYbiz03g=
github.com/go-resty/resty/v2 v2.13.1/go.mod h1:GznXlLxkq6Nh4sU59rPmUw3VtgpO3aS96ORAI6Q7d+0=
github.com/golang/protobuf v1.5.4 h1:i7eJL8qZTpSEXOPTxNKhASYpMn+8e5Q6AdndVa1dWek=
github.com/golang/protobuf v1.5.4/go.mod h1:lnTiLA8Wa4RWRcIUkrtSVa5nRhsEGBg48fD6rSs7xps=
github.com/google/go-cmp v0.6.0 h1:ofyhxvXcZhMsU5ulbFiLKl/XBFqE1GSq7atu8tAmTRI=
github.com/google/go-cmp v0.6.0/go.mod h1:17dUlkBOakJ0+DkrSSNjCkIjxS6bF9zb3elmeNGIjoY=
github.com/google/uuid v1.6.0 h1:NIvaJDMOsjHA8n1jAhLSgzrAzy1Hgr+hNrb57e+94F0=
github.com/google/uuid v1.6.0/go.mod h1:TIyPZe4MgqvfeYDBFedMoGGpEw/LqOeaOT+nhxU+yHo=
github.com/grpc-ecosystem/go-grpc-middleware/v2 v2.1.0 h1:pRhl55Yx1eC7BZ1N+BBWwnKaMyD8uC+34TLdndZMAKk=
github.com/grpc-ecosystem/go-grpc-middleware/v2 v2.1.0/go.mod h1:XKMd7iuf/RGPSMJ/U4HP0zS2Z9Fh8Ps9a+6X26m/tmI=
github.com/grpc-ecosystem/grpc-gateway/v2 v2.22.0 h1:asbCHRVmodnJTuQ3qamDwqVOIjwqUPTYmYuemVOx+Ys=
github.com/grpc-ecosystem/grpc-gateway/v2 v2.22.0/go.mod h1:ggCgvZ2r7uOoQjOyu2Y1NhHmEPPzzuhWgcza5M1Ji1I=
github.com/jarcoal/httpmock v1.3.1 h1:iUx3whfZWVf3jT01hQTO/Eo5sAYtB2/rqaUuOtpInww=
github.com/jarcoal/httpmock v1.3.1/go.mod h1:3yb8rc4BI7TCBhFY8ng0gjuLKJNquuDNiPaZjnENuYg=
github.com/klauspost/compress v1.17.9 h1:6KIumPrER1LHsvBVuDa0r5xaG0Es51mhhB9BQB2qeMA=
github.com/klauspost/compress v1.17.9/go.mod h1:Di0epgTjJY877eYKx5yC51cX2A2Vl2ibi7bDH9ttBbw=
github.com/kylelemons/godebug v1.1.0 h1:RPNrshWIDI6G2gRW9EHilWtl7Z6Sb1BR0xunSBf0SNc=
github.com/kylelemons/godebug v1.1.0/go.mod h1:9/0rRGxNHcop5bhtWyNeEfOS8JIWk580+fNqagV/RAw=
github.com/linode/linodego v1.37.0 h1:B/2Spzv9jYXzKA+p+GD8fVCNJ7Wuw6P91ZDD9eCkkso=
github.com/linode/linodego v1.37.0/go.mod h1:L7GXKFD3PoN2xSEtFc04wIXP5WK65O10jYQx0PQISWQ=
github.com/munnerz/goautoneg v0.0.0-20191010083416-a7dc8b61c822 h1:C3w9PqII01/Oq1c1nUAm88MOHcQC9l5mIlSMApZMrHA=
github.com/munnerz/goautoneg v0.0.0-20191010083416-a7dc8b61c822/go.mod h1:+n7T8mK8HuQTcFwEeznm/DIxMOiR9yIdICNftLE1DvQ=
github.com/pmezard/go-difflib v1.0.0 h1:4DBwDE0NGyQoBHbLQYPwSUPoCMWR5BEzIk/f1lZbAQM=
github.com/pmezard/go-difflib v1.0.0/go.mod h1:iKH77koFhYxTK1pcRnkKkqfTogsbg7gZNVY4sRDYZ/4=
github.com/prashantv/gostub v1.1.0 h1:BTyx3RfQjRHnUWaGF9oQos79AlQ5k8WNktv7VGvVH4g=
github.com/prashantv/gostub v1.1.0/go.mod h1:A5zLQHz7ieHGG7is6LLXLz7I8+3LZzsrV0P1IAHhP5U=
github.com/prometheus/client_golang v1.20.1 h1:IMJXHOD6eARkQpxo8KkhgEVFlBNm+nkrFUyGlIu7Na8=
github.com/prometheus/client_golang v1.20.1/go.mod h1:PIEt8X02hGcP8JWbeHyeZ53Y/jReSnHgO035n//V5WE=
github.com/prometheus/client_model v0.6.1 h1:ZKSh/rekM+n3CeS952MLRAdFwIKqeY8b62p8ais2e9E=
github.com/prometheus/client_model v0.6.1/go.mod h1:OrxVMOVHjw3lKMa8+x6HeMGkHMQyHDk9E3jmP2AmGiY=
github.com/prometheus/common v0.55.0 h1:KEi6DK7lXW/m7Ig5i47x0vRzuBsHuvJdi5ee6Y3G1dc=
github.com/prometheus/common v0.55.0/go.mod h1:2SECS4xJG1kd8XF9IcM1gMX6510RAEL65zxzNImwdc8=
github.com/prometheus/procfs v0.15.1 h1:YagwOFzUgYfKKHX6Dr+sHT7km/hxC76UB0learggepc=
github.com/prometheus/procfs v0.15.1/go.mod h1:fB45yRUv8NstnjriLhBQLuOUt+WW4BsoGhij/e3PBqk=
github.com/stretchr/testify v1.9.0 h1:HtqpIVDClZ4nwg75+f6Lvsy/wHu+3BoSGCbBAcpTsTg=
github.com/stretchr/testify v1.9.0/go.mod h1:r2ic/lqez/lEtzL7wO/rwa5dbSLXVDPFyf8C91i36aY=
github.com/yuin/goldmark v1.4.13/go.mod h1:6yULJ656Px+3vBD8DxQVa3kxgyrAnzto9xy5taEt/CY=
go.opentelemetry.io/contrib/bridges/prometheus v0.54.0 h1:WWL67oxtknNVMb70lJXxXruf8UyK/a9hmIE1XO3Uedg=
go.opentelemetry.io/contrib/bridges/prometheus v0.54.0/go.mod h1:LqNcnXmyULp8ertk4hUTVtSUvKXj4h1Mx7gUCSSr/q0=
go.opentelemetry.io/contrib/exporters/autoexport v0.54.0 h1:dTmcmVm4J54IRPGm5oVjLci1uYat4UDea84E2tyBaAk=
go.opentelemetry.io/contrib/exporters/autoexport v0.54.0/go.mod h1:zPp5Fwpq2Hc7xMtVttg6GhZMcfTESjVbY9ONw2o/Dc4=
go.opentelemetry.io/contrib/instrumentation/google.golang.org/grpc/otelgrpc v0.54.0 h1:r6I7RJCN86bpD/FQwedZ0vSixDpwuWREjW9oRMsmqDc=
go.opentelemetry.io/contrib/instrumentation/google.golang.org/grpc/otelgrpc v0.54.0/go.mod h1:B9yO6b04uB80CzjedvewuqDhxJxi11s7/GtiGa8bAjI=
go.opentelemetry.io/otel v1.29.0 h1:PdomN/Al4q/lN6iBJEN3AwPvUiHPMlt93c8bqTG5Llw=
go.opentelemetry.io/otel v1.29.0/go.mod h1:N/WtXPs1CNCUEx+Agz5uouwCba+i+bJGFicT8SR4NP8=
go.opentelemetry.io/otel/exporters/otlp/otlplog/otlploghttp v0.5.0 h1:4d++HQ+Ihdl+53zSjtsCUFDmNMju2FC9qFkUlTxPLqo=
go.opentelemetry.io/otel/exporters/otlp/otlplog/otlploghttp v0.5.0/go.mod h1:mQX5dTO3Mh5ZF7bPKDkt5c/7C41u/SiDr9XgTpzXXn8=
go.opentelemetry.io/otel/exporters/otlp/otlpmetric/otlpmetricgrpc v1.29.0 h1:k6fQVDQexDE+3jG2SfCQjnHS7OamcP73YMoxEVq5B6k=
go.opentelemetry.io/otel/exporters/otlp/otlpmetric/otlpmetricgrpc v1.29.0/go.mod h1:t4BrYLHU450Zo9fnydWlIuswB1bm7rM8havDpWOJeDo=
go.opentelemetry.io/otel/exporters/otlp/otlpmetric/otlpmetrichttp v1.29.0 h1:xvhQxJ/C9+RTnAj5DpTg7LSM1vbbMTiXt7e9hsfqHNw=
go.opentelemetry.io/otel/exporters/otlp/otlpmetric/otlpmetrichttp v1.29.0/go.mod h1:Fcvs2Bz1jkDM+Wf5/ozBGmi3tQ/c9zPKLnsipnfhGAo=
go.opentelemetry.io/otel/exporters/otlp/otlptrace v1.29.0 h1:dIIDULZJpgdiHz5tXrTgKIMLkus6jEFa7x5SOKcyR7E=
go.opentelemetry.io/otel/exporters/otlp/otlptrace v1.29.0/go.mod h1:jlRVBe7+Z1wyxFSUs48L6OBQZ5JwH2Hg/Vbl+t9rAgI=
go.opentelemetry.io/otel/exporters/otlp/otlptrace/otlptracegrpc v1.29.0 h1:nSiV3s7wiCam610XcLbYOmMfJxB9gO4uK3Xgv5gmTgg=
go.opentelemetry.io/otel/exporters/otlp/otlptrace/otlptracegrpc v1.29.0/go.mod h1:hKn/e/Nmd19/x1gvIHwtOwVWM+VhuITSWip3JUDghj0=
go.opentelemetry.io/otel/exporters/otlp/otlptrace/otlptracehttp v1.29.0 h1:JAv0Jwtl01UFiyWZEMiJZBiTlv5A50zNs8lsthXqIio=
go.opentelemetry.io/otel/exporters/otlp/otlptrace/otlptracehttp v1.29.0/go.mod h1:QNKLmUEAq2QUbPQUfvw4fmv0bgbK7UlOSFCnXyfvSNc=
go.opentelemetry.io/otel/exporters/prometheus v0.51.0 h1:G7uexXb/K3T+T9fNLCCKncweEtNEBMTO+46hKX5EdKw=
go.opentelemetry.io/otel/exporters/prometheus v0.51.0/go.mod h1:v0mFe5Kk7woIh938mrZBJBmENYquyA0IICrlYm4Y0t4=
go.opentelemetry.io/otel/exporters/stdout/stdoutlog v0.5.0 h1:ThVXnEsdwNcxdBO+r96ci1xbF+PgNjwlk457VNuJODo=
go.opentelemetry.io/otel/exporters/stdout/stdoutlog v0.5.0/go.mod h1:rHWcSmC4q2h3gje/yOq6sAOaq8+UHxN/Ru3BbmDXOfY=
go.opentelemetry.io/otel/exporters/stdout/stdoutmetric v1.29.0 h1:WDdP9acbMYjbKIyJUhTvtzj601sVJOqgWdUxSdR/Ysc=
go.opentelemetry.io/otel/exporters/stdout/stdoutmetric v1.29.0/go.mod h1:BLbf7zbNIONBLPwvFnwNHGj4zge8uTCM/UPIVW1Mq2I=
go.opentelemetry.io/otel/exporters/stdout/stdouttrace v1.29.0 h1:X3ZjNp36/WlkSYx0ul2jw4PtbNEDDeLskw3VPsrpYM0=
go.opentelemetry.io/otel/exporters/stdout/stdouttrace v1.29.0/go.mod h1:2uL/xnOXh0CHOBFCWXz5u1A4GXLiW+0IQIzVbeOEQ0U=
go.opentelemetry.io/otel/log v0.5.0 h1:x1Pr6Y3gnXgl1iFBwtGy1W/mnzENoK0w0ZoaeOI3i30=
go.opentelemetry.io/otel/log v0.5.0/go.mod h1:NU/ozXeGuOR5/mjCRXYbTC00NFJ3NYuraV/7O78F0rE=
go.opentelemetry.io/otel/metric v1.29.0 h1:vPf/HFWTNkPu1aYeIsc98l4ktOQaL6LeSoeV2g+8YLc=
go.opentelemetry.io/otel/metric v1.29.0/go.mod h1:auu/QWieFVWx+DmQOUMgj0F8LHWdgalxXqvp7BII/W8=
go.opentelemetry.io/otel/sdk v1.29.0 h1:vkqKjk7gwhS8VaWb0POZKmIEDimRCMsopNYnriHyryo=
go.opentelemetry.io/otel/sdk v1.29.0/go.mod h1:pM8Dx5WKnvxLCb+8lG1PRNIDxu9g9b9g59Qr7hfAAok=
go.opentelemetry.io/otel/sdk/log v0.5.0 h1:A+9lSjlZGxkQOr7QSBJcuyyYBw79CufQ69saiJLey7o=
go.opentelemetry.io/otel/sdk/log v0.5.0/go.mod h1:zjxIW7sw1IHolZL2KlSAtrUi8JHttoeiQy43Yl3WuVQ=
go.opentelemetry.io/otel/sdk/metric v1.29.0 h1:K2CfmJohnRgvZ9UAj2/FhIf/okdWcNdBwe1m8xFXiSY=
go.opentelemetry.io/otel/sdk/metric v1.29.0/go.mod h1:6zZLdCl2fkauYoZIOn/soQIDSWFmNSRcICarHfuhNJQ=
go.opentelemetry.io/otel/trace v1.29.0 h1:J/8ZNK4XgR7a21DZUAsbF8pZ5Jcw1VhACmnYt39JTi4=
go.opentelemetry.io/otel/trace v1.29.0/go.mod h1:eHl3w0sp3paPkYstJOmAimxhiFXPg+MMTlEh3nsQgWQ=
go.opentelemetry.io/proto/otlp v1.3.1 h1:TrMUixzpM0yuc/znrFTP9MMRh8trP93mkCiDVeXrui0=
go.opentelemetry.io/proto/otlp v1.3.1/go.mod h1:0X1WI4de4ZsLrrJNLAQbFeLCm3T7yBkR0XqQ7niQU+8=
go.uber.org/automaxprocs v1.5.3 h1:kWazyxZUrS3Gs4qUpbwo5kEIMGe/DAvi5Z4tl2NW4j8=
go.uber.org/automaxprocs v1.5.3/go.mod h1:eRbA25aqJrxAbsLO0xy5jVwPt7FQnRgjW+efnwa1WM0=
go.uber.org/goleak v1.3.0 h1:2K3zAYmnTNqV73imy9J1T3WC+gmCePx2hEGkimedGto=
go.uber.org/goleak v1.3.0/go.mod h1:CoHD4mav9JJNrW/WLlf7HGZPjdw8EucARQHekz1X6bE=
golang.org/x/crypto v0.0.0-20190308221718-c2843e01d9a2/go.mod h1:djNgcEr1/C05ACkg1iLfiJU5Ep61QUkGW8qpdssI0+w=
golang.org/x/crypto v0.0.0-20210921155107-089bfa567519/go.mod h1:GvvjBRRGRdwPK5ydBHafDWAxML/pGHZbMvKqRZ5+Abc=
golang.org/x/crypto v0.19.0/go.mod h1:Iy9bg/ha4yyC70EfRS8jz+B6ybOBKMaSxLj6P6oBDfU=
golang.org/x/crypto v0.23.0/go.mod h1:CKFgDieR+mRhux2Lsu27y0fO304Db0wZe70UKqHu0v8=
golang.org/x/mod v0.6.0-dev.0.20220419223038-86c51ed26bb4/go.mod h1:jJ57K6gSWd91VN4djpZkiMVwK6gcyfeH4XE8wZrZaV4=
golang.org/x/mod v0.8.0/go.mod h1:iBbtSCu2XBx23ZKBPSOrRkjjQPZFPuis4dIYUhu/chs=
golang.org/x/net v0.0.0-20190620200207-3b0461eec859/go.mod h1:z5CRVTTTmAJ677TzLLGU+0bjPO0LkuOLi4/5GtJWs/s=
golang.org/x/net v0.0.0-20210226172049-e18ecbb05110/go.mod h1:m0MpNAwzfU5UDzcl9v0D8zg8gWTRqZa9RBIspLL5mdg=
golang.org/x/net v0.0.0-20220722155237-a158d28d115b/go.mod h1:XRhObCWvk6IyKnWLug+ECip1KBveYUHfp+8e9klMJ9c=
golang.org/x/net v0.6.0/go.mod h1:2Tu9+aMcznHK/AK1HMvgo6xiTLG5rD5rZLDS+rp2Bjs=
golang.org/x/net v0.10.0/go.mod h1:0qNGK6F8kojg2nk9dLZ2mShWaEBan6FAoqfSigmmuDg=
golang.org/x/net v0.21.0/go.mod h1:bIjVDfnllIU7BJ2DNgfnXvpSvtn8VRwhlsaeUTyUS44=
golang.org/x/net v0.25.0/go.mod h1:JkAGAh7GEvH74S6FOH42FLoXpXbE/aqXSrIQjXgsiwM=
golang.org/x/net v0.28.0 h1:a9JDOJc5GMUJ0+UDqmLT86WiEy7iWyIhz8gz8E4e5hE=
golang.org/x/net v0.28.0/go.mod h1:yqtgsTWOOnlGLG9GFRrK3++bGOUEkNBoHZc8MEDWPNg=
golang.org/x/oauth2 v0.22.0 h1:BzDx2FehcG7jJwgWLELCdmLuxk2i+x9UDpSiss2u0ZA=
golang.org/x/oauth2 v0.22.0/go.mod h1:XYTD2NtWslqkgxebSiOHnXEap4TF09sJSc7H1sXbhtI=
golang.org/x/sync v0.0.0-20190423024810-112230192c58/go.mod h1:RxMgew5VJxzue5/jJTE5uejpjVlOe/izrB70Jof72aM=
golang.org/x/sync v0.0.0-20220722155255-886fb9371eb4/go.mod h1:RxMgew5VJxzue5/jJTE5uejpjVlOe/izrB70Jof72aM=
golang.org/x/sync v0.1.0/go.mod h1:RxMgew5VJxzue5/jJTE5uejpjVlOe/izrB70Jof72aM=
golang.org/x/sys v0.0.0-20190215142949-d0b11bdaac8a/go.mod h1:STP8DvDyc/dI5b8T5hshtkjS+E42TnysNCUPdjciGhY=
golang.org/x/sys v0.0.0-20201119102817-f84b799fce68/go.mod h1:h1NjWce9XRLGQEsW7wpKNCjG9DtNlClVuFLEZdDNbEs=
golang.org/x/sys v0.0.0-20210615035016-665e8c7367d1/go.mod h1:oPkhp1MJrh7nUepCBck5+mAzfO9JrbApNNgaTdGDITg=
golang.org/x/sys v0.0.0-20220520151302-bc2c85ada10a/go.mod h1:oPkhp1MJrh7nUepCBck5+mAzfO9JrbApNNgaTdGDITg=
golang.org/x/sys v0.0.0-20220722155257-8c9f86f7a55f/go.mod h1:oPkhp1MJrh7nUepCBck5+mAzfO9JrbApNNgaTdGDITg=
golang.org/x/sys v0.5.0/go.mod h1:oPkhp1MJrh7nUepCBck5+mAzfO9JrbApNNgaTdGDITg=
golang.org/x/sys v0.8.0/go.mod h1:oPkhp1MJrh7nUepCBck5+mAzfO9JrbApNNgaTdGDITg=
golang.org/x/sys v0.17.0/go.mod h1:/VUhepiaJMQUp4+oa/7Zr1D23ma6VTLIYjOOTFZPUcA=
golang.org/x/sys v0.20.0/go.mod h1:/VUhepiaJMQUp4+oa/7Zr1D23ma6VTLIYjOOTFZPUcA=
golang.org/x/sys v0.24.0 h1:Twjiwq9dn6R1fQcyiK+wQyHWfaz/BJB+YIpzU/Cv3Xg=
golang.org/x/sys v0.24.0/go.mod h1:/VUhepiaJMQUp4+oa/7Zr1D23ma6VTLIYjOOTFZPUcA=
golang.org/x/term v0.0.0-20201126162022-7de9c90e9dd1/go.mod h1:bj7SfCRtBDWHUb9snDiAeCFNEtKQo2Wmx5Cou7ajbmo=
golang.org/x/term v0.0.0-20210927222741-03fcf44c2211/go.mod h1:jbD1KX2456YbFQfuXm/mYQcufACuNUgVhRMnK/tPxf8=
golang.org/x/term v0.5.0/go.mod h1:jMB1sMXY+tzblOD4FWmEbocvup2/aLOaQEp7JmGp78k=
golang.org/x/term v0.8.0/go.mod h1:xPskH00ivmX89bAKVGSKKtLOWNx2+17Eiy94tnKShWo=
golang.org/x/term v0.17.0/go.mod h1:lLRBjIVuehSbZlaOtGMbcMncT+aqLLLmKrsjNrUguwk=
golang.org/x/term v0.20.0/go.mod h1:8UkIAJTvZgivsXaD6/pH6U9ecQzZ45awqEOzuCvwpFY=
golang.org/x/text v0.3.0/go.mod h1:NqM8EUOU14njkJ3fqMW+pc6Ldnwhi/IjpwHt7yyuwOQ=
golang.org/x/text v0.3.3/go.mod h1:5Zoc/QRtKVWzQhOtBMvqHzDpF6irO9z98xDceosuGiQ=
golang.org/x/text v0.3.7/go.mod h1:u+2+/6zg+i71rQMx5EYifcz6MCKuco9NR6JIITiCfzQ=
golang.org/x/text v0.7.0/go.mod h1:mrYo+phRRbMaCq/xk9113O4dZlRixOauAjOtrjsXDZ8=
golang.org/x/text v0.9.0/go.mod h1:e1OnstbJyHTd6l/uOt8jFFHp6TRDWZR/bV3emEE/zU8=
golang.org/x/text v0.14.0/go.mod h1:18ZOQIKpY8NJVqYksKHtTdi31H5itFRjB5/qKTNYzSU=
golang.org/x/text v0.15.0/go.mod h1:18ZOQIKpY8NJVqYksKHtTdi31H5itFRjB5/qKTNYzSU=
golang.org/x/text v0.17.0 h1:XtiM5bkSOt+ewxlOE/aE/AKEHibwj/6gvWMl9Rsh0Qc=
golang.org/x/text v0.17.0/go.mod h1:BuEKDfySbSR4drPmRPG/7iBdf8hvFMuRexcpahXilzY=
golang.org/x/time v0.5.0 h1:o7cqy6amK/52YcAKIPlM3a+Fpj35zvRj2TP+e1xFSfk=
golang.org/x/time v0.5.0/go.mod h1:3BpzKBy/shNhVucY/MWOyx10tF3SFh9QdLuxbVysPQM=
golang.org/x/tools v0.0.0-20180917221912-90fa682c2a6e/go.mod h1:n7NCudcB/nEzxVGmLbDWY5pfWTLqBcC2KZ6jyYvM4mQ=
golang.org/x/tools v0.0.0-20191119224855-298f0cb1881e/go.mod h1:b+2E5dAYhXwXZwtnZ6UAqBI28+e2cm9otk0dWdXHAEo=
golang.org/x/tools v0.1.12/go.mod h1:hNGJHUnrk76NpqgfD5Aqm5Crs+Hm0VOH/i9J2+nxYbc=
golang.org/x/tools v0.6.0/go.mod h1:Xwgl3UAJ/d3gWutnCtw505GrjyAbvKui8lOU390QaIU=
golang.org/x/xerrors v0.0.0-20190717185122-a985d3407aa7/go.mod h1:I/5z698sn9Ka8TeJc9MKroUUfqBBauWjQqLJ2OPfmY0=
google.golang.org/genproto/googleapis/api v0.0.0-20240822170219-fc7c04adadcd h1:BBOTEWLuuEGQy9n1y9MhVJ9Qt0BDu21X8qZs71/uPZo=
google.golang.org/genproto/googleapis/api v0.0.0-20240822170219-fc7c04adadcd/go.mod h1:fO8wJzT2zbQbAjbIoos1285VfEIYKDDY+Dt+WpTkh6g=
google.golang.org/genproto/googleapis/rpc v0.0.0-20240822170219-fc7c04adadcd h1:6TEm2ZxXoQmFWFlt1vNxvVOa1Q0dXFQD1m/rYjXmS0E=
google.golang.org/genproto/googleapis/rpc v0.0.0-20240822170219-fc7c04adadcd/go.mod h1:UqMtugtsSgubUsoxbuAoiCXvqvErP7Gf0so0mK9tHxU=
google.golang.org/grpc v1.65.0 h1:bs/cUb4lp1G5iImFFd3u5ixQzweKizoZJAwBNLR42lc=
google.golang.org/grpc v1.65.0/go.mod h1:WgYC2ypjlB0EiQi6wdKixMqukr6lBc0Vo+oOgjrM5ZQ=
google.golang.org/protobuf v1.34.2 h1:6xV6lTsCfpGD21XK49h7MhtcApnLqkfYgPcdHftf6hg=
google.golang.org/protobuf v1.34.2/go.mod h1:qYOHts0dSfpeUzUFpOMr/WGzszTmLH+DiWniOlNbLDw=
gopkg.in/ini.v1 v1.67.0 h1:Dgnx+6+nfE+IfzjUEISNeydPJh9AXNNsWbGP9KzCsOA=
gopkg.in/ini.v1 v1.67.0/go.mod h1:pNLf8WUiyNEtQjuu5G5vTm06TEv9tsIgeAvK8hOrP4k=
gopkg.in/yaml.v3 v3.0.1 h1:fxVm/GzAzEWqLHuvctI91KS9hhNmmWOoWu0XTYJS7CA=
gopkg.in/yaml.v3 v3.0.1/go.mod h1:K4uyk7z7BCEPqu6E+C64Yfv1cQ7kz7rIZviUmN+EgEM=
sigs.k8s.io/container-object-storage-interface-spec v0.1.0 h1:WHeei3OywFyebPwBkVUuuV1SuGjG6Qm4BBmnfFTVa1Y=
sigs.k8s.io/container-object-storage-interface-spec v0.1.0/go.mod h1:SzF/yVSh88TgYdBOAXqhT96XjU8pCQtoeQKxzIOOmWQ=
