# @generated - this file is auto-generated by `mise lock` https://mise.en.dev/dev-tools/mise-lock.html

[[tools."aqua:helm/chart-testing"]]
version = "3.14.0"
backend = "aqua:helm/chart-testing"

[tools."aqua:helm/chart-testing"."platforms.linux-arm64"]
checksum = "sha256:7b035bbbd0768fba33983e81c15445e33e9c8281d329100852a342ecfd0b16b7"
url = "https://github.com/helm/chart-testing/releases/download/v3.14.0/chart-testing_3.14.0_linux_arm64.tar.gz"
url_api = "https://api.github.com/repos/helm/chart-testing/releases/assets/301945188"

[tools."aqua:helm/chart-testing"."platforms.linux-arm64-musl"]
checksum = "sha256:7b035bbbd0768fba33983e81c15445e33e9c8281d329100852a342ecfd0b16b7"
url = "https://github.com/helm/chart-testing/releases/download/v3.14.0/chart-testing_3.14.0_linux_arm64.tar.gz"
url_api = "https://api.github.com/repos/helm/chart-testing/releases/assets/301945188"

[tools."aqua:helm/chart-testing"."platforms.linux-x64"]
checksum = "sha256:d16f0583616885423826241164ce1f6589c6fe5332fa74f374ebd2bd3cb3fe1f"
url = "https://github.com/helm/chart-testing/releases/download/v3.14.0/chart-testing_3.14.0_linux_amd64.tar.gz"
url_api = "https://api.github.com/repos/helm/chart-testing/releases/assets/301945176"

[tools."aqua:helm/chart-testing"."platforms.linux-x64-musl"]
checksum = "sha256:d16f0583616885423826241164ce1f6589c6fe5332fa74f374ebd2bd3cb3fe1f"
url = "https://github.com/helm/chart-testing/releases/download/v3.14.0/chart-testing_3.14.0_linux_amd64.tar.gz"
url_api = "https://api.github.com/repos/helm/chart-testing/releases/assets/301945176"

[tools."aqua:helm/chart-testing"."platforms.macos-arm64"]
checksum = "sha256:db10dbbb42b110c7a5da5a3202908f32ad2ca6ad600d423426dc7886d09aad07"
url = "https://github.com/helm/chart-testing/releases/download/v3.14.0/chart-testing_3.14.0_darwin_arm64.tar.gz"
url_api = "https://api.github.com/repos/helm/chart-testing/releases/assets/301945187"

[tools."aqua:helm/chart-testing"."platforms.macos-x64"]
checksum = "sha256:6dbad5d05a357f6837764c0620c84e707c81189d6f5e9946643276848f5f7116"
url = "https://github.com/helm/chart-testing/releases/download/v3.14.0/chart-testing_3.14.0_darwin_amd64.tar.gz"
url_api = "https://api.github.com/repos/helm/chart-testing/releases/assets/301945185"

[tools."aqua:helm/chart-testing"."platforms.windows-x64"]
checksum = "sha256:0720a57213521a627d74cb2fe3da16197fd5c8dd382c01cdb0b20682a5df98d9"
url = "https://github.com/helm/chart-testing/releases/download/v3.14.0/chart-testing_3.14.0_windows_amd64.zip"
url_api = "https://api.github.com/repos/helm/chart-testing/releases/assets/301945177"

[[tools.ctlptl]]
version = "0.9.4"
backend = "aqua:tilt-dev/ctlptl"

[tools.ctlptl."platforms.linux-arm64"]
checksum = "sha256:2f079d3a80feac892b83c5fd842445d879ddc6b0e640021cf5ff604e21337050"
url = "https://github.com/tilt-dev/ctlptl/releases/download/v0.9.4/ctlptl.0.9.4.linux.arm64.tar.gz"

[tools.ctlptl."platforms.linux-arm64-musl"]
checksum = "sha256:2f079d3a80feac892b83c5fd842445d879ddc6b0e640021cf5ff604e21337050"
url = "https://github.com/tilt-dev/ctlptl/releases/download/v0.9.4/ctlptl.0.9.4.linux.arm64.tar.gz"

[tools.ctlptl."platforms.linux-x64"]
checksum = "sha256:c63a1ec28e60bc3faf6becb76f53355c5cf5e0143dafdd27ad85db5584fa6b1e"
url = "https://github.com/tilt-dev/ctlptl/releases/download/v0.9.4/ctlptl.0.9.4.linux.x86_64.tar.gz"

[tools.ctlptl."platforms.linux-x64-musl"]
checksum = "sha256:c63a1ec28e60bc3faf6becb76f53355c5cf5e0143dafdd27ad85db5584fa6b1e"
url = "https://github.com/tilt-dev/ctlptl/releases/download/v0.9.4/ctlptl.0.9.4.linux.x86_64.tar.gz"

[tools.ctlptl."platforms.macos-arm64"]
checksum = "sha256:5dd227ed5e29e110b1a887e3cadbf8db29514c9447d6e128e9d59f3cfb39490b"
url = "https://github.com/tilt-dev/ctlptl/releases/download/v0.9.4/ctlptl.0.9.4.mac.arm64.tar.gz"

[tools.ctlptl."platforms.macos-x64"]
checksum = "sha256:2596555a136a5feabd32dd6d1569bdee3c9a85cdf84904f60cd4c37e97227fac"
url = "https://github.com/tilt-dev/ctlptl/releases/download/v0.9.4/ctlptl.0.9.4.mac.x86_64.tar.gz"

[tools.ctlptl."platforms.windows-x64"]
checksum = "sha256:9466dc695322ccf28dbe8b0683cf3afa924eebd3ea1e7d30fe128aa0d35ab520"
url = "https://github.com/tilt-dev/ctlptl/releases/download/v0.9.4/ctlptl.0.9.4.windows.x86_64.zip"

[[tools."github:kyverno/chainsaw"]]
version = "0.2.15"
backend = "github:kyverno/chainsaw"

[tools."github:kyverno/chainsaw"."platforms.linux-arm64"]
checksum = "sha256:fecf5f3ea74d11da2cd5d95a4c016d5d2543cbc4844ce21adf5e727e7ffd9e44"
url = "https://github.com/kyverno/chainsaw/releases/download/v0.2.15/chainsaw_linux_arm64.tar.gz"
url_api = "https://api.github.com/repos/kyverno/chainsaw/releases/assets/413798806"

[tools."github:kyverno/chainsaw"."platforms.linux-arm64".provenance.slsa]
url = "https://github.com/kyverno/chainsaw/releases/download/v0.2.15/multiple.intoto.jsonl"

[tools."github:kyverno/chainsaw"."platforms.linux-arm64-musl"]
checksum = "sha256:fecf5f3ea74d11da2cd5d95a4c016d5d2543cbc4844ce21adf5e727e7ffd9e44"
url = "https://github.com/kyverno/chainsaw/releases/download/v0.2.15/chainsaw_linux_arm64.tar.gz"
url_api = "https://api.github.com/repos/kyverno/chainsaw/releases/assets/413798806"

[tools."github:kyverno/chainsaw"."platforms.linux-arm64-musl".provenance.slsa]
url = "https://github.com/kyverno/chainsaw/releases/download/v0.2.15/multiple.intoto.jsonl"

[tools."github:kyverno/chainsaw"."platforms.linux-x64"]
checksum = "sha256:295d226c89f126c0a97775d364be149f47a810c8a3f9829ee410583d0c1abe3c"
url = "https://github.com/kyverno/chainsaw/releases/download/v0.2.15/chainsaw_linux_amd64.tar.gz"
url_api = "https://api.github.com/repos/kyverno/chainsaw/releases/assets/413798796"

[tools."github:kyverno/chainsaw"."platforms.linux-x64".provenance.slsa]
url = "https://github.com/kyverno/chainsaw/releases/download/v0.2.15/multiple.intoto.jsonl"

[tools."github:kyverno/chainsaw"."platforms.linux-x64-musl"]
checksum = "sha256:295d226c89f126c0a97775d364be149f47a810c8a3f9829ee410583d0c1abe3c"
url = "https://github.com/kyverno/chainsaw/releases/download/v0.2.15/chainsaw_linux_amd64.tar.gz"
url_api = "https://api.github.com/repos/kyverno/chainsaw/releases/assets/413798796"

[tools."github:kyverno/chainsaw"."platforms.linux-x64-musl".provenance.slsa]
url = "https://github.com/kyverno/chainsaw/releases/download/v0.2.15/multiple.intoto.jsonl"

[tools."github:kyverno/chainsaw"."platforms.macos-arm64"]
checksum = "sha256:502bef17dd822217e82590e9ccf01c1e26a56b3fa34a835789b9af73e82a169a"
url = "https://github.com/kyverno/chainsaw/releases/download/v0.2.15/chainsaw_darwin_arm64.tar.gz"
url_api = "https://api.github.com/repos/kyverno/chainsaw/releases/assets/413798810"

[tools."github:kyverno/chainsaw"."platforms.macos-arm64".provenance.slsa]
url = "https://github.com/kyverno/chainsaw/releases/download/v0.2.15/multiple.intoto.jsonl"

[tools."github:kyverno/chainsaw"."platforms.macos-x64"]
checksum = "sha256:ddb56002ff8c6265f55ec40c82eb0ef0dddec5127dd12d4fc5e7953453481f4b"
url = "https://github.com/kyverno/chainsaw/releases/download/v0.2.15/chainsaw_darwin_amd64.tar.gz"
url_api = "https://api.github.com/repos/kyverno/chainsaw/releases/assets/413798790"

[tools."github:kyverno/chainsaw"."platforms.macos-x64".provenance.slsa]
url = "https://github.com/kyverno/chainsaw/releases/download/v0.2.15/multiple.intoto.jsonl"

[tools."github:kyverno/chainsaw"."platforms.windows-x64"]
checksum = "sha256:02e7d519c4e815c89dc8a4b14e2b70474d5301f514e721c0e5b3062f67294229"
url = "https://github.com/kyverno/chainsaw/releases/download/v0.2.15/chainsaw_windows_amd64.tar.gz"
url_api = "https://api.github.com/repos/kyverno/chainsaw/releases/assets/413798771"

[tools."github:kyverno/chainsaw"."platforms.windows-x64".provenance.slsa]
url = "https://github.com/kyverno/chainsaw/releases/download/v0.2.15/multiple.intoto.jsonl"

[[tools."github:norwoodj/helm-docs"]]
version = "1.14.2"
backend = "github:norwoodj/helm-docs"

[tools."github:norwoodj/helm-docs"."platforms.linux-arm64"]
checksum = "sha256:c3787212332386dcd122debef7848feb165aa701467ae3e3442df7638f3ac4e4"
url = "https://github.com/norwoodj/helm-docs/releases/download/v1.14.2/helm-docs_1.14.2_Linux_arm64.tar.gz"
url_api = "https://api.github.com/repos/norwoodj/helm-docs/releases/assets/178327216"

[tools."github:norwoodj/helm-docs"."platforms.linux-arm64-musl"]
checksum = "sha256:c3787212332386dcd122debef7848feb165aa701467ae3e3442df7638f3ac4e4"
url = "https://github.com/norwoodj/helm-docs/releases/download/v1.14.2/helm-docs_1.14.2_Linux_arm64.tar.gz"
url_api = "https://api.github.com/repos/norwoodj/helm-docs/releases/assets/178327216"

[tools."github:norwoodj/helm-docs"."platforms.linux-x64"]
checksum = "sha256:a8cf72ada34fad93285ba2a452b38bdc5bd52cc9a571236244ec31022928d6cc"
url = "https://github.com/norwoodj/helm-docs/releases/download/v1.14.2/helm-docs_1.14.2_Linux_x86_64.tar.gz"
url_api = "https://api.github.com/repos/norwoodj/helm-docs/releases/assets/178327210"

[tools."github:norwoodj/helm-docs"."platforms.linux-x64-musl"]
checksum = "sha256:a8cf72ada34fad93285ba2a452b38bdc5bd52cc9a571236244ec31022928d6cc"
url = "https://github.com/norwoodj/helm-docs/releases/download/v1.14.2/helm-docs_1.14.2_Linux_x86_64.tar.gz"
url_api = "https://api.github.com/repos/norwoodj/helm-docs/releases/assets/178327210"

[tools."github:norwoodj/helm-docs"."platforms.macos-arm64"]
checksum = "sha256:2d8399db5b33d240d5f8985241bcf5483563150b968e3229823822979f3e4b8b"
url = "https://github.com/norwoodj/helm-docs/releases/download/v1.14.2/helm-docs_1.14.2_Darwin_arm64.tar.gz"
url_api = "https://api.github.com/repos/norwoodj/helm-docs/releases/assets/178327215"

[tools."github:norwoodj/helm-docs"."platforms.macos-x64"]
checksum = "sha256:b2f1ffd0feef8dc0901a38a2053481d1d67b63ca30da4ac774166c6b52fa2245"
url = "https://github.com/norwoodj/helm-docs/releases/download/v1.14.2/helm-docs_1.14.2_Darwin_x86_64.tar.gz"
url_api = "https://api.github.com/repos/norwoodj/helm-docs/releases/assets/178327211"

[tools."github:norwoodj/helm-docs"."platforms.windows-x64"]
checksum = "sha256:3c54fd78d99e2769cf83a0faf12cf6cd4de1cac6ed7bee8d908a2c8fc23f538c"
url = "https://github.com/norwoodj/helm-docs/releases/download/v1.14.2/helm-docs_1.14.2_Windows_x86_64.tar.gz"
url_api = "https://api.github.com/repos/norwoodj/helm-docs/releases/assets/178327219"

[[tools.go]]
version = "1.26.7"
backend = "core:go"

[tools.go."platforms.linux-arm64"]
checksum = "sha256:5a4ec883379d51ee9ce1040d5e87f8d35e20387574dd8c947feb01eabc3c1b37"
url = "https://dl.google.com/go/go1.26.7.linux-arm64.tar.gz"

[tools.go."platforms.linux-arm64-musl"]
checksum = "sha256:5a4ec883379d51ee9ce1040d5e87f8d35e20387574dd8c947feb01eabc3c1b37"
url = "https://dl.google.com/go/go1.26.7.linux-arm64.tar.gz"

[tools.go."platforms.linux-x64"]
checksum = "sha256:ffb5f8de10c62550dfddab66b36b57030721e0a44a3218e9e1181d7b59f121ca"
url = "https://dl.google.com/go/go1.26.7.linux-amd64.tar.gz"

[tools.go."platforms.linux-x64-musl"]
checksum = "sha256:ffb5f8de10c62550dfddab66b36b57030721e0a44a3218e9e1181d7b59f121ca"
url = "https://dl.google.com/go/go1.26.7.linux-amd64.tar.gz"

[tools.go."platforms.macos-arm64"]
checksum = "sha256:020a1e8224811be75163e920bc77e0926a1390a6aeea19bdcf23f74b9d749f6d"
url = "https://dl.google.com/go/go1.26.7.darwin-arm64.tar.gz"

[tools.go."platforms.macos-x64"]
checksum = "sha256:92e8b34bff3c89ab16404c595669ac8cb004cc2f676dcbd1f5b87a6b8def3b47"
url = "https://dl.google.com/go/go1.26.7.darwin-amd64.tar.gz"

[tools.go."platforms.windows-x64"]
checksum = "sha256:f4f534a486e4bc3387fa18f08208f2f854b7aaea8a08f2a2d829a914a05abb11"
url = "https://dl.google.com/go/go1.26.7.windows-amd64.zip"

[[tools."go:github.com/losisin/helm-values-schema-json/v2"]]
version = "2.4.0"
backend = "go:github.com/losisin/helm-values-schema-json/v2"

[[tools."go:go.uber.org/mock/mockgen"]]
version = "0.6.0"
backend = "go:go.uber.org/mock/mockgen"

[[tools.golangci-lint]]
version = "2.12.2"
backend = "aqua:golangci/golangci-lint"

[tools.golangci-lint."platforms.linux-arm64"]
checksum = "sha256:44cd40a8c76c86755375adfeea52cfd3533cb43d7bd647771e0ae065e166df3a"
url = "https://github.com/golangci/golangci-lint/releases/download/v2.12.2/golangci-lint-2.12.2-linux-arm64.tar.gz"
provenance = "github-attestations"

[tools.golangci-lint."platforms.linux-arm64-musl"]
checksum = "sha256:44cd40a8c76c86755375adfeea52cfd3533cb43d7bd647771e0ae065e166df3a"
url = "https://github.com/golangci/golangci-lint/releases/download/v2.12.2/golangci-lint-2.12.2-linux-arm64.tar.gz"
provenance = "github-attestations"

[tools.golangci-lint."platforms.linux-x64"]
checksum = "sha256:8df580d2670fed8fa984aac0507099af8df275e665215f5c7a2ae3943893a553"
url = "https://github.com/golangci/golangci-lint/releases/download/v2.12.2/golangci-lint-2.12.2-linux-amd64.tar.gz"
provenance = "github-attestations"

[tools.golangci-lint."platforms.linux-x64-musl"]
checksum = "sha256:8df580d2670fed8fa984aac0507099af8df275e665215f5c7a2ae3943893a553"
url = "https://github.com/golangci/golangci-lint/releases/download/v2.12.2/golangci-lint-2.12.2-linux-amd64.tar.gz"
provenance = "github-attestations"

[tools.golangci-lint."platforms.macos-arm64"]
checksum = "sha256:a9c54498731b3128f79e090be6110f3e5fffccc617b08142ed244d4126c73f29"
url = "https://github.com/golangci/golangci-lint/releases/download/v2.12.2/golangci-lint-2.12.2-darwin-arm64.tar.gz"
provenance = "github-attestations"

[tools.golangci-lint."platforms.macos-x64"]
checksum = "sha256:f6f06d94b6241521c53d15450c5209b028270bf966f842afb11c030c79f5bc16"
url = "https://github.com/golangci/golangci-lint/releases/download/v2.12.2/golangci-lint-2.12.2-darwin-amd64.tar.gz"
provenance = "github-attestations"

[tools.golangci-lint."platforms.windows-x64"]
checksum = "sha256:bd42e3ebc8cb4ececb86941983baaf1dc221bbb04d838e94ce63b49cc91e02bb"
url = "https://github.com/golangci/golangci-lint/releases/download/v2.12.2/golangci-lint-2.12.2-windows-amd64.zip"
provenance = "github-attestations"

[[tools.helm]]
version = "4.2.3"
backend = "aqua:helm/helm"

[tools.helm."platforms.linux-arm64"]
checksum = "sha256:21abd9354d39b2cd79a8d76be6912cd137a983cbf997193503fb8a6a6e2f2785"
url = "https://get.helm.sh/helm-v4.2.3-linux-arm64.tar.gz"

[tools.helm."platforms.linux-arm64-musl"]
checksum = "sha256:21abd9354d39b2cd79a8d76be6912cd137a983cbf997193503fb8a6a6e2f2785"
url = "https://get.helm.sh/helm-v4.2.3-linux-arm64.tar.gz"

[tools.helm."platforms.linux-x64"]
checksum = "sha256:e9b88b4ee95b18c706839c28d3a0220e5bc470e9cd9262410c90793c45ff8b7c"
url = "https://get.helm.sh/helm-v4.2.3-linux-amd64.tar.gz"

[tools.helm."platforms.linux-x64-musl"]
checksum = "sha256:e9b88b4ee95b18c706839c28d3a0220e5bc470e9cd9262410c90793c45ff8b7c"
url = "https://get.helm.sh/helm-v4.2.3-linux-amd64.tar.gz"

[tools.helm."platforms.macos-arm64"]
checksum = "sha256:048ecf5ad3160f83d918f9fe945238d2132b079640f7b106175331c25f242c64"
url = "https://get.helm.sh/helm-v4.2.3-darwin-arm64.tar.gz"

[tools.helm."platforms.macos-x64"]
checksum = "sha256:ff3ac86755a45f3422473bc1200776aac0fe04c5766abe6ca66699f7b564b23b"
url = "https://get.helm.sh/helm-v4.2.3-darwin-amd64.tar.gz"

[tools.helm."platforms.windows-x64"]
checksum = "sha256:02c6137bb5f050479193afad5a28804e9edc3beeab7e7b53a6e1499c9ba387ef"
url = "https://get.helm.sh/helm-v4.2.3-windows-amd64.tar.gz"

[[tools.just]]
version = "1.58.0"
backend = "aqua:casey/just"

[tools.just."platforms.linux-arm64"]
checksum = "sha256:748237128c4c40cbdabc65e841d05ceba13cc23a91eaba395495894c1d9764df"
url = "https://github.com/casey/just/releases/download/1.58.0/just-1.58.0-aarch64-unknown-linux-musl.tar.gz"
url_api = "https://api.github.com/repos/casey/just/releases/assets/500510099"

[tools.just."platforms.linux-arm64-musl"]
checksum = "sha256:748237128c4c40cbdabc65e841d05ceba13cc23a91eaba395495894c1d9764df"
url = "https://github.com/casey/just/releases/download/1.58.0/just-1.58.0-aarch64-unknown-linux-musl.tar.gz"
url_api = "https://api.github.com/repos/casey/just/releases/assets/500510099"

[tools.just."platforms.linux-x64"]
checksum = "sha256:4a5cc2f53e6f0f8c59092a6cc38291eb729d46a7dd95d3ae582008881b84931d"
url = "https://github.com/casey/just/releases/download/1.58.0/just-1.58.0-x86_64-unknown-linux-musl.tar.gz"
url_api = "https://api.github.com/repos/casey/just/releases/assets/500509978"

[tools.just."platforms.linux-x64-musl"]
checksum = "sha256:4a5cc2f53e6f0f8c59092a6cc38291eb729d46a7dd95d3ae582008881b84931d"
url = "https://github.com/casey/just/releases/download/1.58.0/just-1.58.0-x86_64-unknown-linux-musl.tar.gz"
url_api = "https://api.github.com/repos/casey/just/releases/assets/500509978"

[tools.just."platforms.macos-arm64"]
checksum = "sha256:50ae3e996c974a0bf32ea7d10f495070df33f1b43e0616b2769e3d4821ed8f48"
url = "https://github.com/casey/just/releases/download/1.58.0/just-1.58.0-aarch64-apple-darwin.tar.gz"
url_api = "https://api.github.com/repos/casey/just/releases/assets/500509965"

[tools.just."platforms.macos-x64"]
checksum = "sha256:9a09cfef66aaa79da58203970103a0684307716caaabd3e9844cacc4dc0f4023"
url = "https://github.com/casey/just/releases/download/1.58.0/just-1.58.0-x86_64-apple-darwin.tar.gz"
url_api = "https://api.github.com/repos/casey/just/releases/assets/500510084"

[tools.just."platforms.windows-x64"]
checksum = "sha256:759f16fb7aa17c5c8b9594b6d4a8c1a6630dfd042cf2b3ff84841454d3d188dc"
url = "https://github.com/casey/just/releases/download/1.58.0/just-1.58.0-x86_64-pc-windows-msvc.zip"
url_api = "https://api.github.com/repos/casey/just/releases/assets/500511374"

[[tools.kind]]
version = "0.29.0"
backend = "aqua:kubernetes-sigs/kind"

[tools.kind."platforms.linux-arm64"]
checksum = "sha256:03d45095dbd9cc1689f179a3e5e5da24b77c2d1b257d7645abf1b4174bebcf2a"
url = "https://github.com/kubernetes-sigs/kind/releases/download/v0.29.0/kind-linux-arm64"

[tools.kind."platforms.linux-arm64-musl"]
checksum = "sha256:03d45095dbd9cc1689f179a3e5e5da24b77c2d1b257d7645abf1b4174bebcf2a"
url = "https://github.com/kubernetes-sigs/kind/releases/download/v0.29.0/kind-linux-arm64"

[tools.kind."platforms.linux-x64"]
checksum = "sha256:c72eda46430f065fb45c5f70e7c957cc9209402ef309294821978677c8fb3284"
url = "https://github.com/kubernetes-sigs/kind/releases/download/v0.29.0/kind-linux-amd64"

[tools.kind."platforms.linux-x64-musl"]
checksum = "sha256:c72eda46430f065fb45c5f70e7c957cc9209402ef309294821978677c8fb3284"
url = "https://github.com/kubernetes-sigs/kind/releases/download/v0.29.0/kind-linux-amd64"

[tools.kind."platforms.macos-arm64"]
checksum = "sha256:314d8f1428842fd1ba2110fd0052a0f0b3ab5773ab1bdcdad1ff036e913310c9"
url = "https://github.com/kubernetes-sigs/kind/releases/download/v0.29.0/kind-darwin-arm64"

[tools.kind."platforms.macos-x64"]
checksum = "sha256:3eb0d4de25b854f34ea8ce8a3cbe15054fc03bc962b03e96fd10664b829fb6ed"
url = "https://github.com/kubernetes-sigs/kind/releases/download/v0.29.0/kind-darwin-amd64"

[tools.kind."platforms.windows-x64"]
checksum = "sha256:7ea3e9af902ddc4ed773704ab932175bfec8eafffff27c4cad6c2f397cd6e4ee"
url = "https://github.com/kubernetes-sigs/kind/releases/download/v0.29.0/kind-windows-amd64"

[[tools.ko]]
version = "0.18.1"
backend = "aqua:ko-build/ko"

[tools.ko."platforms.linux-arm64"]
checksum = "sha256:9a26698876892128952fa3d038a4e99bea961d0d225865c60474b79e3db12e99"
url = "https://github.com/ko-build/ko/releases/download/v0.18.1/ko_0.18.1_Linux_arm64.tar.gz"
url_api = "https://api.github.com/repos/ko-build/ko/releases/assets/328256304"

[tools.ko."platforms.linux-arm64".provenance.slsa]
url = "https://github.com/ko-build/ko/releases/download/v0.18.1/multiple.intoto.jsonl"

[tools.ko."platforms.linux-arm64-musl"]
checksum = "sha256:9a26698876892128952fa3d038a4e99bea961d0d225865c60474b79e3db12e99"
url = "https://github.com/ko-build/ko/releases/download/v0.18.1/ko_0.18.1_Linux_arm64.tar.gz"
url_api = "https://api.github.com/repos/ko-build/ko/releases/assets/328256304"

[tools.ko."platforms.linux-arm64-musl".provenance.slsa]
url = "https://github.com/ko-build/ko/releases/download/v0.18.1/multiple.intoto.jsonl"

[tools.ko."platforms.linux-x64"]
checksum = "sha256:048ab11818089a43b7b74bc554494a79a3fd0d9822c061142e5cd3cf8b30cb27"
url = "https://github.com/ko-build/ko/releases/download/v0.18.1/ko_0.18.1_Linux_x86_64.tar.gz"
url_api = "https://api.github.com/repos/ko-build/ko/releases/assets/328256299"

[tools.ko."platforms.linux-x64".provenance.slsa]
url = "https://github.com/ko-build/ko/releases/download/v0.18.1/multiple.intoto.jsonl"

[tools.ko."platforms.linux-x64-musl"]
checksum = "sha256:048ab11818089a43b7b74bc554494a79a3fd0d9822c061142e5cd3cf8b30cb27"
url = "https://github.com/ko-build/ko/releases/download/v0.18.1/ko_0.18.1_Linux_x86_64.tar.gz"
url_api = "https://api.github.com/repos/ko-build/ko/releases/assets/328256299"

[tools.ko."platforms.linux-x64-musl".provenance.slsa]
url = "https://github.com/ko-build/ko/releases/download/v0.18.1/multiple.intoto.jsonl"

[tools.ko."platforms.macos-arm64"]
checksum = "sha256:752a639e0fbc013a35a43974b5ed87e7008bc2aee4952dfd2cc19f0013205492"
url = "https://github.com/ko-build/ko/releases/download/v0.18.1/ko_0.18.1_Darwin_arm64.tar.gz"
url_api = "https://api.github.com/repos/ko-build/ko/releases/assets/328256298"

[tools.ko."platforms.macos-arm64".provenance.slsa]
url = "https://github.com/ko-build/ko/releases/download/v0.18.1/multiple.intoto.jsonl"

[tools.ko."platforms.macos-x64"]
checksum = "sha256:0e0dd8fddbefebb8572ece4dca8f07a7472de862fedd7e9845fd9d651e0d5dbe"
url = "https://github.com/ko-build/ko/releases/download/v0.18.1/ko_0.18.1_Darwin_x86_64.tar.gz"
url_api = "https://api.github.com/repos/ko-build/ko/releases/assets/328256317"

[tools.ko."platforms.macos-x64".provenance.slsa]
url = "https://github.com/ko-build/ko/releases/download/v0.18.1/multiple.intoto.jsonl"

[tools.ko."platforms.windows-x64"]
checksum = "sha256:d15c5e391279a2222d4d659ac53047e08d70e21fea54b2133f0a5c25a1f1f694"
url = "https://github.com/ko-build/ko/releases/download/v0.18.1/ko_0.18.1_Windows_x86_64.tar.gz"
url_api = "https://api.github.com/repos/ko-build/ko/releases/assets/328256302"

[tools.ko."platforms.windows-x64".provenance.slsa]
url = "https://github.com/ko-build/ko/releases/download/v0.18.1/multiple.intoto.jsonl"

[[tools.kube-linter]]
version = "0.7.1"
backend = "aqua:stackrox/kube-linter"

[tools.kube-linter."platforms.linux-arm64"]
url = "https://github.com/stackrox/kube-linter/releases/download/v0.7.1/kube-linter-linux_arm64"
url_api = "https://api.github.com/repos/stackrox/kube-linter/releases/assets/204757626"

[tools.kube-linter."platforms.linux-arm64-musl"]
url = "https://github.com/stackrox/kube-linter/releases/download/v0.7.1/kube-linter-linux_arm64"
url_api = "https://api.github.com/repos/stackrox/kube-linter/releases/assets/204757626"

[tools.kube-linter."platforms.linux-x64"]
url = "https://github.com/stackrox/kube-linter/releases/download/v0.7.1/kube-linter-linux"
url_api = "https://api.github.com/repos/stackrox/kube-linter/releases/assets/204757611"

[tools.kube-linter."platforms.linux-x64-musl"]
url = "https://github.com/stackrox/kube-linter/releases/download/v0.7.1/kube-linter-linux"
url_api = "https://api.github.com/repos/stackrox/kube-linter/releases/assets/204757611"

[tools.kube-linter."platforms.macos-arm64"]
checksum = "blake3:7e0295a2028d2339bc49315c2881220d1df260747b2335b16c8f54942b8d2f25"
url = "https://github.com/stackrox/kube-linter/releases/download/v0.7.1/kube-linter-darwin_arm64"

[tools.kube-linter."platforms.macos-x64"]
url = "https://github.com/stackrox/kube-linter/releases/download/v0.7.1/kube-linter-darwin"
url_api = "https://api.github.com/repos/stackrox/kube-linter/releases/assets/204757612"

[tools.kube-linter."platforms.windows-x64"]
url = "https://github.com/stackrox/kube-linter/releases/download/v0.7.1/kube-linter.exe"
url_api = "https://api.github.com/repos/stackrox/kube-linter/releases/assets/204757613"

[[tools.kubectl]]
version = "1.35.0"
backend = "aqua:kubernetes/kubernetes/kubectl"

[tools.kubectl."platforms.linux-arm64"]
checksum = "sha256:58f82f9fe796c375c5c4b8439850b0f3f4d401a52434052f2df46035a8789e25"
url = "https://dl.k8s.io/v1.35.0/bin/linux/arm64/kubectl"

[tools.kubectl."platforms.linux-arm64-musl"]
checksum = "sha256:58f82f9fe796c375c5c4b8439850b0f3f4d401a52434052f2df46035a8789e25"
url = "https://dl.k8s.io/v1.35.0/bin/linux/arm64/kubectl"

[tools.kubectl."platforms.linux-x64"]
checksum = "sha256:a2e984a18a0c063279d692533031c1eff93a262afcc0afdc517375432d060989"
url = "https://dl.k8s.io/v1.35.0/bin/linux/amd64/kubectl"

[tools.kubectl."platforms.linux-x64-musl"]
checksum = "sha256:a2e984a18a0c063279d692533031c1eff93a262afcc0afdc517375432d060989"
url = "https://dl.k8s.io/v1.35.0/bin/linux/amd64/kubectl"

[tools.kubectl."platforms.macos-arm64"]
checksum = "sha256:cf699c56340dc775230fde4ef84237d27563ea6ef52164c7d078072b586c3918"
url = "https://dl.k8s.io/v1.35.0/bin/darwin/arm64/kubectl"

[tools.kubectl."platforms.macos-x64"]
checksum = "sha256:2447cb78911b10a667202b078eeb30541ec78d1280c3682921dc81607e148d96"
url = "https://dl.k8s.io/v1.35.0/bin/darwin/amd64/kubectl"

[tools.kubectl."platforms.windows-x64"]
checksum = "sha256:4c5d14b8673bd55f813a8965ad70d5150e3960ee5f274025e2286aea3a0fa8b6"
url = "https://dl.k8s.io/v1.35.0/bin/windows/amd64/kubectl.exe"

[[tools."pipx:check-jsonschema"]]
version = "0.38.0"
backend = "pipx:check-jsonschema"

[[tools."pipx:yamale"]]
version = "6.1.0"
backend = "pipx:yamale"

[[tools."pipx:yamllint"]]
version = "1.38.0"
backend = "pipx:yamllint"

[[tools.tilt]]
version = "0.37.5"
backend = "aqua:tilt-dev/tilt"

[tools.tilt."platforms.linux-arm64"]
checksum = "sha256:1f9c62dcce0608aeb0c63533b14e260fc2e8c5797f81589b0914c398ba53d5b0"
url = "https://github.com/tilt-dev/tilt/releases/download/v0.37.5/tilt.0.37.5.linux.arm64.tar.gz"

[tools.tilt."platforms.linux-arm64-musl"]
checksum = "sha256:1f9c62dcce0608aeb0c63533b14e260fc2e8c5797f81589b0914c398ba53d5b0"
url = "https://github.com/tilt-dev/tilt/releases/download/v0.37.5/tilt.0.37.5.linux.arm64.tar.gz"

[tools.tilt."platforms.linux-x64"]
checksum = "sha256:9efb56969c48ddea4adfb56a604b9ca5ed254924ddf140fc3e068a305cacf558"
url = "https://github.com/tilt-dev/tilt/releases/download/v0.37.5/tilt.0.37.5.linux.x86_64.tar.gz"

[tools.tilt."platforms.linux-x64-musl"]
checksum = "sha256:9efb56969c48ddea4adfb56a604b9ca5ed254924ddf140fc3e068a305cacf558"
url = "https://github.com/tilt-dev/tilt/releases/download/v0.37.5/tilt.0.37.5.linux.x86_64.tar.gz"

[tools.tilt."platforms.macos-arm64"]
checksum = "sha256:d8c701ada9d3ee29c983651a8f344d8a4c13363e6c25a843b478aa4444ee6f30"
url = "https://github.com/tilt-dev/tilt/releases/download/v0.37.5/tilt.0.37.5.mac.arm64.tar.gz"

[tools.tilt."platforms.macos-x64"]
checksum = "sha256:5db0bd3a690db4d12ddf22afbe14df5a56f0d6351731694c2e1e59158b3eb00c"
url = "https://github.com/tilt-dev/tilt/releases/download/v0.37.5/tilt.0.37.5.mac.x86_64.tar.gz"

[tools.tilt."platforms.windows-x64"]
checksum = "sha256:2b7536b38f09d4eee1851352fef4c6e25c15d49b10d1349bca428748615eed54"
url = "https://github.com/tilt-dev/tilt/releases/download/v0.37.5/tilt.0.37.5.windows.x86_64.zip"

[[tools.uv]]
version = "0.12.3"
backend = "aqua:astral-sh/uv"

[tools.uv."platforms.linux-arm64"]
checksum = "sha256:fa513fca1eb2913334c944fe9adbdd410274a1cbe8dd05d03699a9eb85311d4e"
url = "https://github.com/astral-sh/uv/releases/download/0.12.3/uv-aarch64-unknown-linux-musl.tar.gz"
url_api = "https://api.github.com/repos/astral-sh/uv/releases/assets/505387718"
provenance = "github-attestations"

[tools.uv."platforms.linux-arm64-musl"]
checksum = "sha256:fa513fca1eb2913334c944fe9adbdd410274a1cbe8dd05d03699a9eb85311d4e"
url = "https://github.com/astral-sh/uv/releases/download/0.12.3/uv-aarch64-unknown-linux-musl.tar.gz"
url_api = "https://api.github.com/repos/astral-sh/uv/releases/assets/505387718"
provenance = "github-attestations"

[tools.uv."platforms.linux-x64"]
checksum = "sha256:0643b9fb8c9fb27458e709ce6ff939695013c41975ff7b02d3f3b138d8d4bdb3"
url = "https://github.com/astral-sh/uv/releases/download/0.12.3/uv-x86_64-unknown-linux-musl.tar.gz"
url_api = "https://api.github.com/repos/astral-sh/uv/releases/assets/505387821"
provenance = "github-attestations"

[tools.uv."platforms.linux-x64-musl"]
checksum = "sha256:0643b9fb8c9fb27458e709ce6ff939695013c41975ff7b02d3f3b138d8d4bdb3"
url = "https://github.com/astral-sh/uv/releases/download/0.12.3/uv-x86_64-unknown-linux-musl.tar.gz"
url_api = "https://api.github.com/repos/astral-sh/uv/releases/assets/505387821"
provenance = "github-attestations"

[tools.uv."platforms.macos-arm64"]
checksum = "sha256:546f7f8a6c70ff13a3a9d2bc958db3427298cebf3e0cb756f9177133b7068843"
url = "https://github.com/astral-sh/uv/releases/download/0.12.3/uv-aarch64-apple-darwin.tar.gz"
url_api = "https://api.github.com/repos/astral-sh/uv/releases/assets/505387707"
provenance = "github-attestations"

[tools.uv."platforms.macos-x64"]
checksum = "sha256:4c9f52262a14da336e4a42ed24992d12d0c956acde87619e4611d321dffa602b"
url = "https://github.com/astral-sh/uv/releases/download/0.12.3/uv-x86_64-apple-darwin.tar.gz"
url_api = "https://api.github.com/repos/astral-sh/uv/releases/assets/505387807"
provenance = "github-attestations"

[tools.uv."platforms.windows-x64"]
checksum = "sha256:b23350c79e8ad0192b8124af13a0f17e8d4e4549524785e1aef389ae5a06990e"
url = "https://github.com/astral-sh/uv/releases/download/0.12.3/uv-x86_64-pc-windows-msvc.zip"
url_api = "https://api.github.com/repos/astral-sh/uv/releases/assets/505387809"
provenance = "github-attestations"

[[tools.yq]]
version = "4.53.3"
backend = "aqua:mikefarah/yq"

[tools.yq."platforms.linux-arm64"]
checksum = "sha256:578648e463a11c1b6db6010cbf41eafed6bee79466fcffa1bb446672cf7945ea"
url = "https://github.com/mikefarah/yq/releases/download/v4.53.3/yq_linux_arm64"
url_api = "https://api.github.com/repos/mikefarah/yq/releases/assets/440146727"
provenance = "cosign"

[tools.yq."platforms.linux-arm64-musl"]
checksum = "sha256:578648e463a11c1b6db6010cbf41eafed6bee79466fcffa1bb446672cf7945ea"
url = "https://github.com/mikefarah/yq/releases/download/v4.53.3/yq_linux_arm64"
url_api = "https://api.github.com/repos/mikefarah/yq/releases/assets/440146727"
provenance = "cosign"

[tools.yq."platforms.linux-x64"]
checksum = "sha256:fa52a4e758c63d38299163fbdd1edfb4c4963247918bf9c1c5d31d84789eded4"
url = "https://github.com/mikefarah/yq/releases/download/v4.53.3/yq_linux_amd64"
url_api = "https://api.github.com/repos/mikefarah/yq/releases/assets/440146735"
provenance = "cosign"

[tools.yq."platforms.linux-x64-musl"]
checksum = "sha256:fa52a4e758c63d38299163fbdd1edfb4c4963247918bf9c1c5d31d84789eded4"
url = "https://github.com/mikefarah/yq/releases/download/v4.53.3/yq_linux_amd64"
url_api = "https://api.github.com/repos/mikefarah/yq/releases/assets/440146735"
provenance = "cosign"

[tools.yq."platforms.macos-arm64"]
checksum = "sha256:877de31753a4dd2401aa048937aa9a7fc4d5f6ce858cf31508c5802954297213"
url = "https://github.com/mikefarah/yq/releases/download/v4.53.3/yq_darwin_arm64"
url_api = "https://api.github.com/repos/mikefarah/yq/releases/assets/440146762"
provenance = "cosign"

[tools.yq."platforms.macos-x64"]
checksum = "sha256:b4ba1ecce3c47f00803f4f964de38394326c7a32eb6540616e04fb2935a0f08d"
url = "https://github.com/mikefarah/yq/releases/download/v4.53.3/yq_darwin_amd64"
url_api = "https://api.github.com/repos/mikefarah/yq/releases/assets/440146744"
provenance = "cosign"

[tools.yq."platforms.windows-x64"]
checksum = "sha256:e279bc506a452eeafcdf364f91a025455e402a8001169083caf01f4b64a544e2"
url = "https://github.com/mikefarah/yq/releases/download/v4.53.3/yq_windows_amd64.exe"
url_api = "https://api.github.com/repos/mikefarah/yq/releases/assets/440146721"
provenance = "cosign"
